
Microsoft Visual Studio Solution File, Format Version 12.00
# Visual Studio Version 16
VisualStudioVersion = 16.0.29209.62
MinimumVisualStudioVersion = 10.0.40219.1
Project("{FAE04EC0-301F-11D3-BF4B-00C04F79EFBC}") = "MySQL", "MySQL\MySQL.csproj", "{8170785C-F1DB-4F7F-82BD-E366EC1B9FE8}"
EndProject
Global
	GlobalSection(SolutionConfigurationPlatforms) = preSolution
		Debug|Any CPU = Debug|Any CPU
		Release|Any CPU = Release|Any CPU
	EndGlobalSection
	GlobalSection(ProjectConfigurationPlatforms) = postSolution
		{8170785C-F1DB-4F7F-82BD-E366EC1B9FE8}.Debug|Any CPU.ActiveCfg = Debug|Any CPU
		{8170785C-F1DB-4F7F-82BD-E366EC1B9FE8}.Debug|Any CPU.Build.0 = Debug|Any CPU
		{8170785C-F1DB-4F7F-82BD-E366EC1B9FE8}.Release|Any CPU.ActiveCfg = Release|Any CPU
		{8170785C-F1DB-4F7F-82BD-E366EC1B9FE8}.Release|Any CPU.Build.0 = Release|Any CPU
	EndGlobalSection
	GlobalSection(SolutionProperties) = preSolution
		HideSolutionNode = FALSE
	EndGlobalSection
	GlobalSection(ExtensibilityGlobals) = postSolution
		SolutionGuid = {BC638973-4054-4EBA-B3A6-3BA9642C3715}
	EndGlobalSection
EndGlobal
